
Microsoft Visual Studio Solution File, Format Version 12.00
# Visual Studio 2013
VisualStudioVersion = 12.0.40629.0
MinimumVisualStudioVersion = 10.0.40219.1
Project("{FAE04EC0-301F-11D3-BF4B-00C04F79EFBC}") = "Tier.Business", "Tier.Business\Tier.Business.csproj", "{5FEAFEDC-3961-4B9D-B0AE-7DE7D8EC1B6F}"
EndProject
Project("{FAE04EC0-301F-11D3-BF4B-00C04F79EFBC}") = "Tier.Data", "Tier.Data\Tier.Data.csproj", "{C68A190A-EA84-4E29-A07A-018239358A29}"
EndProject
Project("{FAE04EC0-301F-11D3-BF4B-00C04F79EFBC}") = "Tier.Dto", "Tier.Dto\Tier.Dto.csproj", "{FE8947EA-9B51-4DA5-A987-FF33DE831855}"
EndProject
Project("{FAE04EC0-301F-11D3-BF4B-00C04F79EFBC}") = "Tier.Services", "Tier.Services\Tier.Services.csproj", "{88B06B91-AF10-4388-88C5-4FC814EF574B}"
EndProject
Project("{2150E333-8FDC-42A3-9474-1A3956D46DE8}") = "Recursos", "Recursos", "{D9058DC0-98B5-4E27-A196-38DDA48FD20A}"
	ProjectSection(SolutionItems) = preProject
		Recursos\cm_dbglobal.mwb = Recursos\cm_dbglobal.mwb
		Recursos\Estructura SPs.sql = Recursos\Estructura SPs.sql
	EndProjectSection
EndProject
Global
	GlobalSection(SolutionConfigurationPlatforms) = preSolution
		Debug|Any CPU = Debug|Any CPU
		Release|Any CPU = Release|Any CPU
	EndGlobalSection
	GlobalSection(ProjectConfigurationPlatforms) = postSolution
		{5FEAFEDC-3961-4B9D-B0AE-7DE7D8EC1B6F}.Debug|Any CPU.ActiveCfg = Debug|Any CPU
		{5FEAFEDC-3961-4B9D-B0AE-7DE7D8EC1B6F}.Debug|Any CPU.Build.0 = Debug|Any CPU
		{5FEAFEDC-3961-4B9D-B0AE-7DE7D8EC1B6F}.Release|Any CPU.ActiveCfg = Release|Any CPU
		{5FEAFEDC-3961-4B9D-B0AE-7DE7D8EC1B6F}.Release|Any CPU.Build.0 = Release|Any CPU
		{C68A190A-EA84-4E29-A07A-018239358A29}.Debug|Any CPU.ActiveCfg = Debug|Any CPU
		{C68A190A-EA84-4E29-A07A-018239358A29}.Debug|Any CPU.Build.0 = Debug|Any CPU
		{C68A190A-EA84-4E29-A07A-018239358A29}.Release|Any CPU.ActiveCfg = Release|Any CPU
		{C68A190A-EA84-4E29-A07A-018239358A29}.Release|Any CPU.Build.0 = Release|Any CPU
		{FE8947EA-9B51-4DA5-A987-FF33DE831855}.Debug|Any CPU.ActiveCfg = Debug|Any CPU
		{FE8947EA-9B51-4DA5-A987-FF33DE831855}.Debug|Any CPU.Build.0 = Debug|Any CPU
		{FE8947EA-9B51-4DA5-A987-FF33DE831855}.Release|Any CPU.ActiveCfg = Release|Any CPU
		{FE8947EA-9B51-4DA5-A987-FF33DE831855}.Release|Any CPU.Build.0 = Release|Any CPU
		{88B06B91-AF10-4388-88C5-4FC814EF574B}.Debug|Any CPU.ActiveCfg = Debug|Any CPU
		{88B06B91-AF10-4388-88C5-4FC814EF574B}.Debug|Any CPU.Build.0 = Debug|Any CPU
		{88B06B91-AF10-4388-88C5-4FC814EF574B}.Release|Any CPU.ActiveCfg = Release|Any CPU
		{88B06B91-AF10-4388-88C5-4FC814EF574B}.Release|Any CPU.Build.0 = Release|Any CPU
	EndGlobalSection
	GlobalSection(SolutionProperties) = preSolution
		HideSolutionNode = FALSE
	EndGlobalSection
	GlobalSection(ExtensibilityGlobals) = postSolution
		EnterpriseLibraryConfigurationToolBinariesPathV6 = packages\EnterpriseLibrary.Common.6.0.1304.0\lib\NET45;packages\EnterpriseLibrary.Data.6.0.1304.0\lib\NET45
	EndGlobalSection
EndGlobal
